Microsoft Visual Studio Solution File, Format Version 12.00
# Visual Studio Version 17
VisualStudioVersion = 17.5.2.0
MinimumVisualStudioVersion = 10.0.40219.1
Project("{FAE04EC0-301F-11D3-BF4B-00C04F79EFBC}") = "SchoolRegister.Model", "SchoolRegister.Model\SchoolRegister.Model.csproj", "{2F94930E-EF32-A87E-DA80-23B1157228C6}"
EndProject
Project("{FAE04EC0-301F-11D3-BF4B-00C04F79EFBC}") = "SchoolRegister.Web", "SchoolRegister.Web\SchoolRegister.Web.csproj", "{0BDDC379-D828-69A4-0FD1-C20FE90459F7}"
EndProject
Project("{FAE04EC0-301F-11D3-BF4B-00C04F79EFBC}") = "SchoolRegister.Services", "SchoolRegister.Services\SchoolRegister.Services.csproj", "{14E383B4-2C1A-A328-64AC-E0116BF34E22}"
EndProject
Project("{FAE04EC0-301F-11D3-BF4B-00C04F79EFBC}") = "SchoolRegister.ViewModels", "SchoolRegister.ViewModels\SchoolRegister.ViewModels.csproj", "{7DC98ED9-91FF-66FD-DEBB-1DE57F804E41}"
EndProject
Project("{FAE04EC0-301F-11D3-BF4B-00C04F79EFBC}") = "SchoolRegister.DAL", "SchoolRegister.DAL\SchoolRegister.DAL.csproj", "{C801C5FC-BF32-60ED-2404-F10CB23B346E}"
EndProject
Global
	GlobalSection(SolutionConfigurationPlatforms) = preSolution
		Debug|Any CPU = Debug|Any CPU
		Release|Any CPU = Release|Any CPU
	EndGlobalSection
	GlobalSection(ProjectConfigurationPlatforms) = postSolution
		{2F94930E-EF32-A87E-DA80-23B1157228C6}.Debug|Any CPU.ActiveCfg = Debug|Any CPU
		{2F94930E-EF32-A87E-DA80-23B1157228C6}.Debug|Any CPU.Build.0 = Debug|Any CPU
		{2F94930E-EF32-A87E-DA80-23B1157228C6}.Release|Any CPU.ActiveCfg = Release|Any CPU
		{2F94930E-EF32-A87E-DA80-23B1157228C6}.Release|Any CPU.Build.0 = Release|Any CPU
		{0BDDC379-D828-69A4-0FD1-C20FE90459F7}.Debug|Any CPU.ActiveCfg = Debug|Any CPU
		{0BDDC379-D828-69A4-0FD1-C20FE90459F7}.Debug|Any CPU.Build.0 = Debug|Any CPU
		{0BDDC379-D828-69A4-0FD1-C20FE90459F7}.Release|Any CPU.ActiveCfg = Release|Any CPU
		{0BDDC379-D828-69A4-0FD1-C20FE90459F7}.Release|Any CPU.Build.0 = Release|Any CPU
		{14E383B4-2C1A-A328-64AC-E0116BF34E22}.Debug|Any CPU.ActiveCfg = Debug|Any CPU
		{14E383B4-2C1A-A328-64AC-E0116BF34E22}.Debug|Any CPU.Build.0 = Debug|Any CPU
		{14E383B4-2C1A-A328-64AC-E0116BF34E22}.Release|Any CPU.ActiveCfg = Release|Any CPU
		{14E383B4-2C1A-A328-64AC-E0116BF34E22}.Release|Any CPU.Build.0 = Release|Any CPU
		{7DC98ED9-91FF-66FD-DEBB-1DE57F804E41}.Debug|Any CPU.ActiveCfg = Debug|Any CPU
		{7DC98ED9-91FF-66FD-DEBB-1DE57F804E41}.Debug|Any CPU.Build.0 = Debug|Any CPU
		{7DC98ED9-91FF-66FD-DEBB-1DE57F804E41}.Release|Any CPU.ActiveCfg = Release|Any CPU
		{7DC98ED9-91FF-66FD-DEBB-1DE57F804E41}.Release|Any CPU.Build.0 = Release|Any CPU
		{C801C5FC-BF32-60ED-2404-F10CB23B346E}.Debug|Any CPU.ActiveCfg = Debug|Any CPU
		{C801C5FC-BF32-60ED-2404-F10CB23B346E}.Debug|Any CPU.Build.0 = Debug|Any CPU
		{C801C5FC-BF32-60ED-2404-F10CB23B346E}.Release|Any CPU.ActiveCfg = Release|Any CPU
		{C801C5FC-BF32-60ED-2404-F10CB23B346E}.Release|Any CPU.Build.0 = Release|Any CPU
	EndGlobalSection
	GlobalSection(SolutionProperties) = preSolution
		HideSolutionNode = FALSE
	EndGlobalSection
	GlobalSection(ExtensibilityGlobals) = postSolution
		SolutionGuid = {55D96643-36B6-4453-A490-0A4A3396A5D3}
	EndGlobalSection
EndGlobal
